
Microsoft Visual Studio Solution File, Format Version 12.00
# Visual Studio Version 17
VisualStudioVersion = 17.11.35327.3
MinimumVisualStudioVersion = 10.0.40219.1
Project("{9A19103F-16F7-4668-BE54-9A1E7A4F7556}") = "SimpleEmployeeMaintenance.Api", "SimpleEmployeeMaintenance.Api\SimpleEmployeeMaintenance.Api.csproj", "{6FB7923C-812D-4CCF-AAB2-5EA0D52A58B6}"
EndProject
Project("{9A19103F-16F7-4668-BE54-9A1E7A4F7556}") = "SimpleEmployeeMaintenance.Infra.Database", "SimpleEmployeeMaintenance.Infra.Database\SimpleEmployeeMaintenance.Infra.Database.csproj", "{775F0D5D-C298-42E8-9E77-603017DB20FC}"
EndProject
Project("{9A19103F-16F7-4668-BE54-9A1E7A4F7556}") = "SimpleEmployeeMaintenance.Domain", "SimpleEmployeeMaintenance.Domain\SimpleEmployeeMaintenance.Domain.csproj", "{7EC538A8-5016-4A8B-B337-7D692A4B2491}"
EndProject
Project("{2150E333-8FDC-42A3-9474-1A3956D46DE8}") = "tests", "tests", "{BEA72E59-9592-4002-BCF3-E43C63FCB6D3}"
EndProject
Project("{FAE04EC0-301F-11D3-BF4B-00C04F79EFBC}") = "SimpleEmployeeMaintenance.Domain.Tests", "SimpleEmployeeMaintenance.Domain.Tests\SimpleEmployeeMaintenance.Domain.Tests.csproj", "{A8AA5A82-9E65-4C04-8EAE-0E709772340D}"
EndProject
Global
	GlobalSection(SolutionConfigurationPlatforms) = preSolution
		Debug|Any CPU = Debug|Any CPU
		Release|Any CPU = Release|Any CPU
	EndGlobalSection
	GlobalSection(ProjectConfigurationPlatforms) = postSolution
		{6FB7923C-812D-4CCF-AAB2-5EA0D52A58B6}.Debug|Any CPU.ActiveCfg = Debug|Any CPU
		{6FB7923C-812D-4CCF-AAB2-5EA0D52A58B6}.Debug|Any CPU.Build.0 = Debug|Any CPU
		{6FB7923C-812D-4CCF-AAB2-5EA0D52A58B6}.Release|Any CPU.ActiveCfg = Release|Any CPU
		{6FB7923C-812D-4CCF-AAB2-5EA0D52A58B6}.Release|Any CPU.Build.0 = Release|Any CPU
		{775F0D5D-C298-42E8-9E77-603017DB20FC}.Debug|Any CPU.ActiveCfg = Debug|Any CPU
		{775F0D5D-C298-42E8-9E77-603017DB20FC}.Debug|Any CPU.Build.0 = Debug|Any CPU
		{775F0D5D-C298-42E8-9E77-603017DB20FC}.Release|Any CPU.ActiveCfg = Release|Any CPU
		{775F0D5D-C298-42E8-9E77-603017DB20FC}.Release|Any CPU.Build.0 = Release|Any CPU
		{7EC538A8-5016-4A8B-B337-7D692A4B2491}.Debug|Any CPU.ActiveCfg = Debug|Any CPU
		{7EC538A8-5016-4A8B-B337-7D692A4B2491}.Debug|Any CPU.Build.0 = Debug|Any CPU
		{7EC538A8-5016-4A8B-B337-7D692A4B2491}.Release|Any CPU.ActiveCfg = Release|Any CPU
		{7EC538A8-5016-4A8B-B337-7D692A4B2491}.Release|Any CPU.Build.0 = Release|Any CPU
		{A8AA5A82-9E65-4C04-8EAE-0E709772340D}.Debug|Any CPU.ActiveCfg = Debug|Any CPU
		{A8AA5A82-9E65-4C04-8EAE-0E709772340D}.Debug|Any CPU.Build.0 = Debug|Any CPU
		{A8AA5A82-9E65-4C04-8EAE-0E709772340D}.Release|Any CPU.ActiveCfg = Release|Any CPU
		{A8AA5A82-9E65-4C04-8EAE-0E709772340D}.Release|Any CPU.Build.0 = Release|Any CPU
	EndGlobalSection
	GlobalSection(SolutionProperties) = preSolution
		HideSolutionNode = FALSE
	EndGlobalSection
	GlobalSection(NestedProjects) = preSolution
		{A8AA5A82-9E65-4C04-8EAE-0E709772340D} = {BEA72E59-9592-4002-BCF3-E43C63FCB6D3}
	EndGlobalSection
	GlobalSection(ExtensibilityGlobals) = postSolution
		SolutionGuid = {A898CA70-F199-4C36-A073-FAB38C3FD561}
	EndGlobalSection
EndGlobal
